{
    "_meta": {
        "hash": {
            "sha256": "407561c19d6dd05cc535d4c71df7201c211a0b104eac6e961a6becbe0e22f6b4"
        },
        "host-environment-markers": {
            "implementation_name": "cpython",
            "implementation_version": "3.6.5",
            "os_name": "posix",
            "platform_machine": "x86_64",
            "platform_python_implementation": "CPython",
            "platform_release": "4.17.3-1-ARCH",
            "platform_system": "Linux",
            "platform_version": "#1 SMP PREEMPT Tue Jun 26 04:42:36 UTC 2018",
            "python_full_version": "3.6.5",
            "python_version": "3.6",
            "sys_platform": "linux"
        },
        "pipfile-spec": 6,
        "requires": {},
        "sources": [
            {
                "name": "pypi",
                "url": "https://pypi.python.org/simple",
                "verify_ssl": true
            }
        ]
    },
    "default": {
        "cycler": {
            "hashes": [
                "sha256:1d8a5ae1ff6c5cf9b93e8811e581232ad8920aeec647c37316ceac982b08cb2d",
                "sha256:cd7b2d1018258d7247a71425e9f26463dfb444d411c39569972f4ce586b0c9d8"
            ],
            "version": "==0.10.0"
        },
        "kiwisolver": {
            "hashes": [
                "sha256:8b6a7b596ce1d2a6d93c3562f1178ebd3b7bb445b3b0dd33b09f9255e312a965",
                "sha256:1a078f5dd7e99317098f0e0d490257fd0349d79363e8c923d5bb76428f318421",
                "sha256:e0f910f84b35c36a3513b96d816e6442ae138862257ae18a0019d2fc67b041dc",
                "sha256:aaec1cfd94f4f3e9a25e144d5b0ed1eb8a9596ec36d7318a504d813412563a85",
                "sha256:f923406e6b32c86309261b8195e24e18b6a8801df0cfc7814ac44017bfcb3939",
                "sha256:4329008a167fac233e398e8a600d1b91539dc33c5a3eadee84c0d4b04d4494fa",
                "sha256:3b791ddf2aefc56382aadc26ea5b352e86a2921e4e85c31c1f770f527eb06ce4",
                "sha256:379d97783ba8d2934d52221c833407f20ca287b36d949b4bba6c75274bcf6363",
                "sha256:1aa0b55a0eb1bd3fa82e704f44fb8f16e26702af1a073cc5030eea399e617b56",
                "sha256:ea36e19ac0a483eea239320aef0bd40702404ff8c7e42179a2d9d36c5afcb55c",
                "sha256:0f7f532f3c94e99545a29f4c3f05637f4d2713e7fd91b4dd8abfc18340b86cd5",
                "sha256:2874060b91e131ceeff00574b7c2140749c9355817a4ed498e82a4ffa308ecbc",
                "sha256:95a25d9f3449046ecbe9065be8f8380c03c56081bc5d41fe0fb964aaa30b2195",
                "sha256:79e5fe3ccd5144ae80777e12973027bd2f4f5e3ae8eb286cabe787bed9780138",
                "sha256:9576cb63897fbfa69df60f994082c3f4b8e6adb49cccb60efb2a80a208e6f996",
                "sha256:0ee4ed8b3ae8f5f712b0aa9ebd2858b5b232f1b9a96b0943dceb34df2a223bc3",
                "sha256:66f82819ff47fa67a11540da96966fb9245504b7f496034f534b81cacf333861",
                "sha256:b1c240d565e977d80c0083404c01e4d59c5772c977fae2c483f100567f50847b",
                "sha256:53a5b27e6b5717bdc0125338a822605084054c80f382051fb945d2c0e6899a20",
                "sha256:acb673eecbae089ea3be3dcf75bfe45fc8d4dcdc951e27d8691887963cf421c7",
                "sha256:b15bc8d2c2848a4a7c04f76c9b3dc3561e95d4dabc6b4f24bfabe5fd81a0b14f",
                "sha256:45813e0873bbb679334a161b28cb9606d9665e70561fd6caa8863e279b5e464b",
                "sha256:574f24b9805cb1c72d02b9f7749aa0cc0b81aa82571be5201aa1453190390ae5",
                "sha256:efabbcd4f406b532206b8801058c8bab9e79645b9880329253ae3322b7b02cd5",
                "sha256:83410258eb886f3456714eea4d4304db3a1fc8624623fc3f38a487ab36c0f653",
                "sha256:a424f048bebc4476620e77f3e4d1f282920cef9bc376ba16d0b8fe97eec87cde",
                "sha256:c595693de998461bcd49b8d20568c8870b3209b8ea323b2a7b0ea86d85864694",
                "sha256:ce3be5d520b4d2c3e5eeb4cd2ef62b9b9ab8ac6b6fedbaa0e39cdb6f50644278"
            ],
            "version": "==1.0.1"
        },
        "matplotlib": {
            "hashes": [
                "sha256:3fd90b407d1ab0dae686a4200030ce305526ff20b85a443dc490d194114b2dfa",
                "sha256:7b3d03c876684618e2a2be6abeb8d3a033c3a1bb38a786f751199753ef6227e6",
                "sha256:abfd3d9390eb4f2d82cbcaa3a5c2834c581329b64eccb7a071ed9d5df27424f7",
                "sha256:07055eb872fa109bd88f599bdb52065704b2e22d475b67675f345d75d32038a0",
                "sha256:0f2f253d6d51f5ed52a819921f8a0a8e054ce0daefcfbc2557e1c433f14dc77d",
                "sha256:1ef9fd285334bd6b0495b6de9d56a39dc95081577f27bafabcf28e0d318bed31",
                "sha256:70f0e407fbe9e97f16597223269c849597047421af5eb8b60dbaca0382037e78",
                "sha256:3fb2db66ef98246bafc04b4ef4e9b0e73c6369f38a29716844e939d197df816a",
                "sha256:dc0ba2080fd0cfdd07b3458ee4324d35806733feb2b080838d7094731d3f73d9",
                "sha256:4bb10087e09629ba3f9b25b6c734fd3f99542f93d71c5b9c023f28cb377b43a9",
                "sha256:bc4d7481f0e8ec94cb1afc4a59905d6274b3b4c389aba7a2539e071766671735",
                "sha256:4f6a516d5ef39128bb16af7457e73dde25c30625c4916d8fbd1cc7c14c55e691",
                "sha256:8ff08eaa25c66383fe3b6c7eb288da3c22dcedc4b110a0b592b35f68d0e093b2",
                "sha256:f26fba7fc68994ab2805d77e0695417f9377a00d36ba4248b5d0f1e5adb08d24",
                "sha256:8944d311ce37bee1ba0e41a9b58dcf330ffe0cf29d7654c3d07c572215da68ac",
                "sha256:45dac8589ef1721d7f2ab0f48f986694494dfcc5d13a3e43a5cb6c816276094e",
                "sha256:9d12378d6a236aa38326e27f3a29427b63edce4ce325745785aec1a7535b1f85",
                "sha256:c78883145da9b5620aec523fa14ea814e07f2ba26a16b7f68ff7300604a911b3",
                "sha256:3eb17a4dc45e1ceefb899423e8152e10169fa281f960421c762fd8532186c323",
                "sha256:1770b70622b78f3fd76638526b8c176af8b23a0b129e0190d9407fa403855e0c",
                "sha256:f397479742c1ca31805a4bffdfcc5f6189a31116b79aa0b83a50c689f42a23bb",
                "sha256:4dc7ef528aad21f22be85e95725234c5178c0f938e2228ca76640e5e84d8cde8"
            ],
            "version": "==2.2.2"
        },
        "numpy": {
            "hashes": [
                "sha256:a17a8fd5df4fec5b56b4d11c9ba8b9ebfb883c90ec361628d07be00aaa4f009a",
                "sha256:c3ac359ace241707e5a48fe2922e566ac666aacacf4f8031f2994ac429c31344",
                "sha256:e2317cf091c2e7f0dacdc2e72c693cc34403ca1f8e3807622d0bb653dc978616",
                "sha256:64c6acf5175745fd1b7b7e17c74fdbfb7191af3b378bc54f44560279f41238d3",
                "sha256:924f37e66db78464b4b85ed4b6d2e5cda0c0416e657cac7ccbef14b9fa2c40b5",
                "sha256:674ea7917f0657ddb6976bd102ac341bc493d072c32a59b98e5b8c6eaa2d5ec0",
                "sha256:ae3864816287d0e86ead580b69921daec568fe680857f07ee2a87bf7fd77ce24",
                "sha256:78c35dc7ad184aebf3714dbf43f054714c6e430e14b9c06c49a864fb9e262030",
                "sha256:c7c660cc0209fdf29a4e50146ca9ac9d8664acaded6b6ae2f5d0ae2e91a0f0cd",
                "sha256:3fbccb399fe9095b1c1d7b41e7c7867db8aa0d2347fc44c87a7a180cedda112b",
                "sha256:aaa519335a71f87217ca8a680c3b66b61960e148407bdf5c209c42f50fe30f49",
                "sha256:62cb836506f40ce2529bfba9d09edc4b2687dd18c56cf4457e51c3e7145402fd",
                "sha256:55daf757e5f69aa75b4477cf4511bf1f96325c730e4ad32d954ccb593acd2585",
                "sha256:b5f8c15cb9173f6cdf0f994955e58d1265331029ae26296232379461a297e5f2",
                "sha256:24f3bb9a5f6c3936a8ccd4ddfc1210d9511f4aeb879a12efd2e80bec647b8695",
                "sha256:34033b581bc01b1135ca2e3e93a94daea7c739f21a97a75cca93e29d9f0c8e71",
                "sha256:f5a758252502b466b9c2b201ea397dae5a914336c987f3a76c3741a82d43c96e",
                "sha256:14fb76bde161c87dcec52d91c78f65aa8a23aa2e1530a71f412dabe03927d917",
                "sha256:816645178f2180be257a576b735d3ae245b1982280b97ae819550ce8bcdf2b6b",
                "sha256:f2a778dd9bb3e4590dbe3bbac28e7c7134280c4ec97e3bf8678170ee58c67b21",
                "sha256:7f17efe9605444fcbfd990ba9b03371552d65a3c259fc2d258c24fb95afdd728",
                "sha256:73a816e441dace289302e04a7a34ec4772ed234ab6885c968e3ca2fc2d06fe2d",
                "sha256:21041014b7529237994a6b578701c585703fbb3b1bea356cdb12a5ea7804241c",
                "sha256:d690a2ff49f6c3bc35336693c9924fe5916be3cc0503fe1ea6c7e2bf951409ee",
                "sha256:50718eea8e77a1bedcc85befd22c8dbf5a24c9d2c0c1e36bbb8d7a38da847eb3",
                "sha256:fb4c33a404d9eff49a0cdc8ead0af6453f62f19e071b60d283f9dc05581e4134",
                "sha256:61efc65f325770bbe787f34e00607bc124f08e6c25fdf04723848585e81560dc",
                "sha256:f28e73cf18d37a413f7d5de35d024e6b98f14566a10d82100f9dc491a7d449f9"
            ],
            "version": "==1.15.0"
        },
        "pillow": {
            "hashes": [
                "sha256:4fda62030f2c515b6e2e673c57caa55cb04026a81968f3128aae10fc28e5cc27",
                "sha256:79258a8df3e309a54c7ef2ef4a59bb8e28f7e4a8992a3ad17c24b1889ced44f3",
                "sha256:5044d75a68b49ce36a813c82d8201384207112d5d81643937fc758c05302f05b",
                "sha256:3832e26ecbc9d8a500821e3a1d3765bda99d04ae29ffbb2efba49f5f788dc934",
                "sha256:24adccf1e834f82718c7fc8e3ec1093738da95144b8b1e44c99d5fc7d3e9c554",
                "sha256:f63e420180cbe22ff6e32558b612e75f50616fc111c5e095a4631946c782e109",
                "sha256:03eb0e04f929c102ae24bc436bf1c0c60a4e63b07ebd388e84d8b219df3e6acd",
                "sha256:22cf3406d135cfcc13ec6228ade774c8461e125c940e80455f500638429be273",
                "sha256:026449b64e559226cdb8e6d8c931b5965d8fc90ec18ebbb0baa04c5b36503c72",
                "sha256:e2bed4a04e2ca1050bb5f00865cf2f83c0b92fd62454d9244f690fcd842e27a4",
                "sha256:4fd1f0c2dc02aaec729d91c92cd85a2df0289d88e9f68d1e8faba750bb9c4786",
                "sha256:6661a7908d68c4a133e03dac8178287aa20a99f841ea90beeb98a233ae3fd710",
                "sha256:1e977a3ed998a599bda5021fb2c2889060617627d3ae228297a529a082a3cd5c",
                "sha256:7d74c20b8f1c3e99d3f781d3b8ff5abfefdd7363d61e23bdeba9992ff32cc4b4",
                "sha256:8194d913ca1f459377c8a4ed8f9b7ad750068b8e0e3f3f9c6963fcc87a84515f",
                "sha256:03dbb224ee196ef30ed2156d41b579143e1efeb422974719a5392fc035e4f574",
                "sha256:00def5b638994f888d1058e4d17c86dec8e1113c3741a0a8a659039aec59a83a",
                "sha256:989981db57abffb52026b114c9a1f114c7142860a6d30a352d28f8cbf186500b",
                "sha256:e87a527c06319428007e8c30511e1f0ce035cb7f14bb4793b003ed532c3b9333",
                "sha256:5914cff11f3e920626da48e564be6818831713a3087586302444b9c70e8552d9",
                "sha256:1be66b9a89e367e7d20d6cae419794997921fe105090fafd86ef39e20a3baab2",
                "sha256:c5dcb5a56aebb8a8f2585042b2f5c496d7624f0bcfe248f0cc33ceb2fd8d39e7",
                "sha256:a3d7511d3fad1618a82299aab71a5fceee5c015653a77ffea75ced9ef917e71a",
                "sha256:2a3e362c97a5e6a259ee9cd66553292a1f8928a5bdfa3622fdb1501570834612",
                "sha256:b3ef168d4d6fd4fa6685aef7c91400f59f7ab1c0da734541f7031699741fb23f",
                "sha256:522184556921512ec484cb93bd84e0bab915d0ac5a372d49571c241a7f73db62",
                "sha256:81918afeafc16ba5d9d0d4e9445905f21aac969a4ebb6f2bff4b9886da100f4b",
                "sha256:84d5d31200b11b3c76fab853b89ac898bf2d05c8b3da07c1fcc23feb06359d6e",
                "sha256:c1c5792b6e74bbf2af0f8e892272c2a6c48efa895903211f11b8342e03129fea",
                "sha256:452d159024faf37cc080537df308e8fa0026076eb38eb75185d96ed9642bd6d7",
                "sha256:091a0656688d85fd6e10f49a73fa3ab9b37dbfcb2151f5a3ab17f8b879f467ee",
                "sha256:dcdc9cd9880027688007ff8f7c8e7ae6f24e81fae33bfd18d1e691e7bda4855f",
                "sha256:acb90eb6c7ed6526551a78211d84c81e33082a35642ff5fe57489abc14e6bf6e",
                "sha256:f8582e1ab155302ea9ef1235441a0214919f4f79c4c7c21833ce9eec58181781",
                "sha256:d16f90810106822833a19bdb24c7cb766959acf791ca0edf5edfec674d55c8ee",
                "sha256:ebcfc33a6c34984086451e230253bc33727bd17b4cdc4b39ec03032c3a6fc9e9",
                "sha256:791f07fe13937e65285f9ef30664ddf0e10a0230bdb236751fa0ca67725740dd",
                "sha256:a4a6ac01b8c2f9d2d83719f193e6dea493e18445ce5bfd743d739174daa974d9",
                "sha256:e2807aad4565d8de15391a9548f97818a14ef32624015c7bf3095171e314445e",
                "sha256:f8b3d413c5a8f84b12cd4c5df1d8e211777c9852c6be3ee9c094b626644d3eab",
                "sha256:087b0551ce2d19b3f092f2b5f071a065f7379e748867d070b29999cc83db15e3",
                "sha256:3709339f4619e8c9b00f53079e40b964f43c5af61fb89a923fe24437167298bb",
                "sha256:3518f9fc666cbc58a5c1f48a6a23e9e6ceef69665eab43cdad5144de9383e72c",
                "sha256:1c5e93c40d4ce8cb133d3b105a869be6fa767e703f6eb1003eb4b90583e08a59",
                "sha256:114398d0e073b93e1d7da5b5ab92ff4b83c0180625c8031911425e51f4365d2e",
                "sha256:f7717eb360d40e7598c30cc44b33d98f79c468d9279379b66c1e28c568e0bf47",
                "sha256:653d48fe46378f40e3c2b892be88d8440efbb2c9df78559da44c63ad5ecb4142",
                "sha256:0f3e2d0a9966161b7dfd06d147f901d72c3a88ea1a833359b92193b8e1f68e1c",
                "sha256:6735a7e560df6f0deb78246a6fe056cf2ae392ba2dc060ea8a6f2535aec924f1",
                "sha256:6d26a475a19cb294225738f5c974b3a24599438a67a30ed2d25638f012668026"
            ],
            "version": "==5.2.0"
        },
        "pyparsing": {
            "hashes": [
                "sha256:fee43f17a9c4087e7ed1605bd6df994c6173c1e977d7ade7b651292fab2bd010",
                "sha256:0832bcf47acd283788593e7a0f542407bd9550a55a8a8435214a1960e04bcb04",
                "sha256:9e8143a3e15c13713506886badd96ca4b579a87fbdf49e550dbfc057d6cb218e",
                "sha256:281683241b25fe9b80ec9d66017485f6deff1af5cde372469134b56ca8447a07",
                "sha256:b8b3117ed9bdf45e14dcc89345ce638ec7e0e29b2b579fa1ecf32ce45ebac8a5",
                "sha256:8f1e18d3fd36c6795bb7e02a39fd05c611ffc2596c1e0d995d34d67630426c18",
                "sha256:e4d45427c6e20a59bf4f88c639dcc03ce30d193112047f94012102f235853a58"
            ],
            "version": "==2.2.0"
        },
        "python-dateutil": {
            "hashes": [
                "sha256:1adb80e7a782c12e52ef9a8182bebeb73f1d7e24e374397af06fb4956c8dc5c0",
                "sha256:e27001de32f627c22380a688bcc43ce83504a7bc5da472209b4c70f02829f0b8"
            ],
            "version": "==2.7.3"
        },
        "pytz": {
            "hashes": [
                "sha256:a061aa0a9e06881eb8b3b2b43f05b9439d6583c206d0a6c340ff72a7b6669053",
                "sha256:ffb9ef1de172603304d9d2819af6f5ece76f2e85ec10692a524dd876e72bf277"
            ],
            "version": "==2018.5"
        },
        "scipy": {
            "hashes": [
                "sha256:340ef70f5b0f4e2b4b43c8c8061165911bc6b2ad16f8de85d9774545e2c47463",
                "sha256:c22b27371b3866c92796e5d7907e914f0e58a36d3222c5d436ddd3f0e354227a",
                "sha256:d8491d4784aceb1f100ddb8e31239c54e4afab8d607928a9f7ef2469ec35ae01",
                "sha256:8190770146a4c8ed5d330d5b5ad1c76251c63349d25c96b3094875b930c44692",
                "sha256:08237eda23fd8e4e54838258b124f1cd141379a5f281b0a234ca99b38918c07a",
                "sha256:dfc5080c38dde3f43d8fbb9c0539a7839683475226cf83e4b24363b227dfe552",
                "sha256:e7a01e53163818d56eabddcafdc2090e9daba178aad05516b20c6591c4811020",
                "sha256:0e645dbfc03f279e1946cf07c9c754c2a1859cb4a41c5f70b25f6b3a586b6dbd",
                "sha256:f0521af1b722265d824d6ad055acfe9bd3341765735c44b5a4d0069e189a0f40",
                "sha256:3b243c77a822cd034dad53058d7c2abf80062aa6f4a32e9799c95d6391558631",
                "sha256:8f841bbc21d3dad2111a94c490fb0a591b8612ffea86b8e5571746ae76a3deac",
                "sha256:ee677635393414930541a096fc8e61634304bb0153e4e02b75685b11eba14cae",
                "sha256:423b3ff76957d29d1cce1bc0d62ebaf9a3fdfaf62344e3fdec14619bb7b5ad3a",
                "sha256:0611ee97296265af4a21164a5323f8c1b4e8e15c582d3dfa7610825900136bb7",
                "sha256:108c16640849e5827e7d51023efb3bd79244098c3f21e4897a1007720cb7ce37",
                "sha256:3ad73dfc6f82e494195144bd3a129c7241e761179b7cb5c07b9a0ede99c686f3",
                "sha256:d0cdd5658b49a722783b8b4f61a6f1f9c75042d0e29a30ccb6cacc9b25f6d9e2",
                "sha256:e24e22c8d98d3c704bb3410bce9b69e122a8de487ad3dbfe9985d154e5c03a40",
                "sha256:404a00314e85eca9d46b80929571b938e97a143b4f2ddc2b2b3c91a4c4ead9c5",
                "sha256:729f8f8363d32cebcb946de278324ab43d28096f36593be6281ca1ee86ce6559",
                "sha256:0e9bb7efe5f051ea7212555b290e784b82f21ffd0f655405ac4f87e288b730b3",
                "sha256:698c6409da58686f2df3d6f815491fd5b4c2de6817a45379517c92366eea208f",
                "sha256:42d9149a2fff7affdd352d157fa5717033767857c11bd55aa4a519a44343dfef",
                "sha256:d40dc7f494b06dcee0d303e51a00451b2da6119acbeaccf8369f2d29e28917ac",
                "sha256:8b984f0821577d889f3c7ca8445564175fb4ac7c7f9659b7c60bef95b2b70e76",
                "sha256:f25c281f12c0da726c6ed00535ca5d1622ec755c30a3f8eafef26cf43fede694",
                "sha256:625f25a6b7d795e8830cb70439453c9f163e6870e710ec99eba5722775b318f3",
                "sha256:878352408424dffaa695ffedf2f9f92844e116686923ed9aa8626fc30d32cfd1"
            ],
            "version": "==1.1.0"
        },
        "six": {
            "hashes": [
                "sha256:832dc0e10feb1aa2c68dcc57dbb658f1c7e65b9b61af69048abc87a2db00a0eb",
                "sha256:70e8a77beed4562e7f14fe23a786b54f6296e34344c23bc42f07b15018ff98e9"
            ],
            "version": "==1.11.0"
        }
    },
    "develop": {
        "alabaster": {
            "hashes": [
                "sha256:674bb3bab080f598371f4443c5008cbfeb1a5e622dd312395d2d82af2c54c456",
                "sha256:b63b1f4dc77c074d386752ec4a8a7517600f6c0db8cd42980cae17ab7b3275d7"
            ],
            "version": "==0.7.11"
        },
        "appdirs": {
            "hashes": [
                "sha256:d8b24664561d0d34ddfaec54636d502d7cea6e29c3eaf68f3df6180863e2166e",
                "sha256:9e5896d1372858f8dd3344faf4e5014d21849c756c8d5701f78f8a103b372d92"
            ],
            "version": "==1.4.3"
        },
        "atomicwrites": {
            "hashes": [
                "sha256:a24da68318b08ac9c9c45029f4a10371ab5b20e4226738e150e6e7c571630ae6",
                "sha256:240831ea22da9ab882b551b31d4225591e5e447a68c5e188db5b89ca1d487585"
            ],
            "version": "==1.1.5"
        },
        "attrs": {
            "hashes": [
                "sha256:4b90b09eeeb9b88c35bc642cbac057e45a5fd85367b985bd2809c62b7b939265",
                "sha256:e0d0eb91441a3b53dab4d9b743eafc1ac44476296a2053b6ca3af0b139faf87b"
            ],
            "version": "==18.1.0"
        },
        "babel": {
            "hashes": [
                "sha256:6778d85147d5d85345c14a26aada5e478ab04e39b078b0745ee6870c2b5cf669",
                "sha256:8cba50f48c529ca3fa18cf81fa9403be176d374ac4d60738b839122dfaaa3d23"
            ],
            "version": "==2.6.0"
        },
        "backcall": {
            "hashes": [
                "sha256:38ecd85be2c1e78f77fd91700c76e14667dc21e2713b63876c0eb901196e01e4",
                "sha256:bbbf4b1e5cd2bdb08f915895b51081c041bac22394fdfcfdfbe9f14b77c08bf2"
            ],
            "version": "==0.1.0"
        },
        "black": {
            "hashes": [
                "sha256:4b475bbd528acce094c503a3d2dbc2d05a4075f6d0ef7d9e7514518e14cc5191",
                "sha256:22158b89c1a6b4eb333a1e65e791a3f8b998cf3b11ae094adb2570f31f769a44"
            ],
            "version": "==18.6b4"
        },
        "bleach": {
            "hashes": [
                "sha256:b8fa79e91f96c2c2cd9fd1f9eda906efb1b88b483048978ba62fef680e962b34",
                "sha256:eb7386f632349d10d9ce9d4a838b134d4731571851149f9cc2c05a9a837a9a44"
            ],
            "version": "==2.1.3"
        },
        "certifi": {
            "hashes": [
                "sha256:9fa520c1bacfb634fa7af20a76bcbd3d5fb390481724c597da32c719a7dca4b0",
                "sha256:13e698f54293db9f89122b0581843a782ad0934a4fe0172d2a980ba77fc61bb7"
            ],
            "version": "==2018.4.16"
        },
        "chardet": {
            "hashes": [
                "sha256:fc323ffcaeaed0e0a02bf4d117757b98aed530d9ed4531e3e15460124c106691",
                "sha256:84ab92ed1c4d4f16916e05906b6b75a6c0fb5db821cc65e70cbd64a3e2a5eaae"
            ],
            "version": "==3.0.4"
        },
        "click": {
            "hashes": [
                "sha256:29f99fc6125fbc931b758dc053b3114e55c77a6e4c6c3a2674a2dc986016381d",
                "sha256:f15516df478d5a56180fbf80e68f206010e6d160fc39fa508b65e035fd75130b"
            ],
            "version": "==6.7"
        },
        "coverage": {
            "hashes": [
                "sha256:7608a3dd5d73cb06c531b8925e0ef8d3de31fed2544a7de6c63960a1e73ea4bc",
                "sha256:3a2184c6d797a125dca8367878d3b9a178b6fdd05fdc2d35d758c3006a1cd694",
                "sha256:f3f501f345f24383c0000395b26b726e46758b71393267aeae0bd36f8b3ade80",
                "sha256:0b136648de27201056c1869a6c0d4e23f464750fd9a9ba9750b8336a244429ed",
                "sha256:337ded681dd2ef9ca04ef5d93cfc87e52e09db2594c296b4a0a3662cb1b41249",
                "sha256:3eb42bf89a6be7deb64116dd1cc4b08171734d721e7a7e57ad64cc4ef29ed2f1",
                "sha256:be6cfcd8053d13f5f5eeb284aa8a814220c3da1b0078fa859011c7fffd86dab9",
                "sha256:69bf008a06b76619d3c3f3b1983f5145c75a305a0fea513aca094cae5c40a8f5",
                "sha256:2eb564bbf7816a9d68dd3369a510be3327f1c618d2357fa6b1216994c2e3d508",
                "sha256:9d6dd10d49e01571bf6e147d3b505141ffc093a06756c60b053a859cb2128b1f",
                "sha256:701cd6093d63e6b8ad7009d8a92425428bc4d6e7ab8d75efbb665c806c1d79ba",
                "sha256:5a13ea7911ff5e1796b6d5e4fbbf6952381a611209b736d48e675c2756f3f74e",
                "sha256:c1bb572fab8208c400adaf06a8133ac0712179a334c09224fb11393e920abcdd",
                "sha256:03481e81d558d30d230bc12999e3edffe392d244349a90f4ef9b88425fac74ba",
                "sha256:28b2191e7283f4f3568962e373b47ef7f0392993bb6660d079c62bd50fe9d162",
                "sha256:de4418dadaa1c01d497e539210cb6baa015965526ff5afc078c57ca69160108d",
                "sha256:8c3cb8c35ec4d9506979b4cf90ee9918bc2e49f84189d9bf5c36c0c1119c6558",
                "sha256:7e1fe19bd6dce69d9fd159d8e4a80a8f52101380d5d3a4d374b6d3eae0e5de9c",
                "sha256:6bc583dc18d5979dc0f6cec26a8603129de0304d5ae1f17e57a12834e7235062",
                "sha256:198626739a79b09fa0a2f06e083ffd12eb55449b5f8bfdbeed1df4910b2ca640",
                "sha256:7aa36d2b844a3e4a4b356708d79fd2c260281a7390d678a10b91ca595ddc9e99",
                "sha256:3d72c20bd105022d29b14a7d628462ebdc61de2f303322c0212a054352f3b287",
                "sha256:4635a184d0bbe537aa185a34193898eee409332a8ccb27eea36f262566585000",
                "sha256:e05cb4d9aad6233d67e0541caa7e511fa4047ed7750ec2510d466e806e0255d6",
                "sha256:76ecd006d1d8f739430ec50cc872889af1f9c1b6b8f48e29941814b09b0fd3cc",
                "sha256:7d3f553904b0c5c016d1dad058a7554c7ac4c91a789fca496e7d8347ad040653",
                "sha256:3c79a6f7b95751cdebcd9037e4d06f8d5a9b60e4ed0cd231342aa8ad7124882a",
                "sha256:23d341cdd4a0371820eb2b0bd6b88f5003a7438bbedb33688cd33b8eae59affd",
                "sha256:10a46017fef60e16694a30627319f38a2b9b52e90182dddb6e37dcdab0f4bf95",
                "sha256:2a5b73210bad5279ddb558d9a2bfedc7f4bf6ad7f3c988641d83c40293deaec1",
                "sha256:56e448f051a201c5ebbaa86a5efd0ca90d327204d8b059ab25ad0f35fbfd79f1",
                "sha256:ac4fef68da01116a5c117eba4dd46f2e06847a497de5ed1d64bb99a5fda1ef91",
                "sha256:1c383d2ef13ade2acc636556fd544dba6e14fa30755f26812f54300e401f98f2",
                "sha256:b8815995e050764c8610dbc82641807d196927c3dbed207f0a079833ffcf588d",
                "sha256:104ab3934abaf5be871a583541e8829d6c19ce7bde2923b2751e0d3ca44db60a",
                "sha256:9e112fcbe0148a6fa4f0a02e8d58e94470fc6cb82a5481618fea901699bf34c4",
                "sha256:15b111b6a0f46ee1a485414a52a7ad1d703bdf984e9ed3c288a4414d3871dcbd",
                "sha256:e4d96c07229f58cb686120f168276e434660e4358cc9cf3b0464210b04913e77",
                "sha256:f8a923a85cb099422ad5a2e345fe877bbc89a8a8b23235824a93488150e45f6e"
            ],
            "version": "==4.5.1"
        },
        "decorator": {
            "hashes": [
                "sha256:2c51dff8ef3c447388fe5e4453d24a2bf128d3a4c32af3fabef1f01c6851ab82",
                "sha256:c39efa13fbdeb4506c476c9b3babf6a718da943dab7811c206005a4a956c080c"
            ],
            "version": "==4.3.0"
        },
        "docutils": {
            "hashes": [
                "sha256:7a4bd47eaf6596e1295ecb11361139febe29b084a87bf005bf899f9a42edc3c6",
                "sha256:02aec4bd92ab067f6ff27a38a38a41173bf01bed8f89157768c1573f53e474a6",
                "sha256:51e64ef2ebfb29cae1faa133b3710143496eca21c530f3f71424d77687764274"
            ],
            "version": "==0.14"
        },
        "entrypoints": {
            "hashes": [
                "sha256:10ad569bb245e7e2ba425285b9fa3e8178a0dc92fc53b1e1c553805e15a8825b",
                "sha256:d2d587dde06f99545fb13a383d2cd336a8ff1f359c5839ce3a64c917d10c029f"
            ],
            "version": "==0.2.3"
        },
        "flake8": {
            "hashes": [
                "sha256:c7841163e2b576d435799169b78703ad6ac1bbb0f199994fc05f700b2a90ea37",
                "sha256:7253265f7abd8b313e3892944044a365e3f4ac3fcdcfb4298f55ee9ddf188ba0"
            ],
            "version": "==3.5.0"
        },
        "html5lib": {
            "hashes": [
                "sha256:20b159aa3badc9d5ee8f5c647e5efd02ed2a66ab8d354930bd9ff139fc1dc0a3",
                "sha256:66cb0dcfdbbc4f9c3ba1a63fdb511ffdbd4f513b2b6d81b80cd26ce6b3fb3736"
            ],
            "version": "==1.0.1"
        },
        "hypothesis": {
            "hashes": [
                "sha256:485061433ec504b68aa6b7892183bc01fc83eb9ae63d199df0a9d0af9f862aa3"
            ],
            "version": "==3.66.28"
        },
        "idna": {
            "hashes": [
                "sha256:156a6814fb5ac1fc6850fb002e0852d56c0c8d2531923a51032d1b70760e186e",
                "sha256:684a38a6f903c1d71d6d5fac066b58d7768af4de2b832e426ec79c30daa94a16"
            ],
            "version": "==2.7"
        },
        "imagesize": {
            "hashes": [
                "sha256:3620cc0cadba3f7475f9940d22431fc4d407269f1be59ec9b8edcca26440cf18",
                "sha256:5b326e4678b6925158ccc66a9fa3122b6106d7c876ee32d7de6ce59385b96315"
            ],
            "version": "==1.0.0"
        },
        "ipykernel": {
            "hashes": [
                "sha256:395f020610e33ffa0b0c9c0cd1a1d927d51ab9aa9f30a7ae36bb0c908a33e89c",
                "sha256:935941dba29d856eee34b8b5261d971bd5012547239ed73ddfff099143748c37",
                "sha256:c091449dd0fad7710ddd9c4a06e8b9e15277da306590bc07a3a1afa6b4453c8f"
            ],
            "version": "==4.8.2"
        },
        "ipython": {
            "hashes": [
                "sha256:007dcd929c14631f83daff35df0147ea51d1af420da303fd078343878bd5fb62",
                "sha256:b0f2ef9eada4a68ef63ee10b6dde4f35c840035c50fd24265f8052c98947d5a4"
            ],
            "markers": "python_version >= '3.3'",
            "version": "==6.5.0"
        },
        "ipython-genutils": {
            "hashes": [
                "sha256:72dd37233799e619666c9f639a9da83c34013a73e8bbc79a7a6348d93c61fab8",
                "sha256:eb2e116e75ecef9d4d228fdc66af54269afa26ab4463042e33785b887c628ba8"
            ],
            "version": "==0.2.0"
        },
        "ipywidgets": {
            "hashes": [
                "sha256:816fc4c36367b52b88a9c7928da10517ef9a6e313d634b36acfe7b8d08a05f02",
                "sha256:3e8706b222a2a043035e3871b09037182ecd5513c647a2705500873fb19dbadd"
            ],
            "version": "==7.3.2"
        },
        "jedi": {
            "hashes": [
                "sha256:c254b135fb39ad76e78d4d8f92765ebc9bf92cbc76f49e97ade1d5f5121e1f6f",
                "sha256:b409ed0f6913a701ed474a614a3bb46e6953639033e31f769ca7581da5bd1ec1"
            ],
            "version": "==0.12.1"
        },
        "jinja2": {
            "hashes": [
                "sha256:74c935a1b8bb9a3947c50a54766a969d4846290e1e788ea44c1392163723c3bd",
                "sha256:f84be1bb0040caca4cea721fcbbbbd61f9be9464ca236387158b0feea01914a4"
            ],
            "version": "==2.10"
        },
        "jsonschema": {
            "hashes": [
                "sha256:000e68abd33c972a5248544925a0cae7d1125f9bf6c58280d37546b946769a08",
                "sha256:6ff5f3180870836cae40f06fa10419f557208175f13ad7bc26caa77beb1f6e02"
            ],
            "version": "==2.6.0"
        },
        "jupyter": {
            "hashes": [
                "sha256:5b290f93b98ffbc21c0c7e749f054b3267782166d72fa5e3ed1ed4eaf34a2b78",
                "sha256:d9dc4b3318f310e34c82951ea5d6683f67bed7def4b259fafbfe4f1beb1d8e5f",
                "sha256:3e1f86076bbb7c8c207829390305a2b1fe836d471ed54be66a3b8c41e7f46cc7"
            ],
            "version": "==1.0.0"
        },
        "jupyter-client": {
            "hashes": [
                "sha256:59e6d791e22a8002ad0e80b78c6fd6deecab4f9e1b1aa1a22f4213de271b29ea",
                "sha256:27befcf0446b01e29853014d6a902dd101ad7d7f94e2252b1adca17c3466b761"
            ],
            "version": "==5.2.3"
        },
        "jupyter-console": {
            "hashes": [
                "sha256:3f928b817fc82cda95e431eb4c2b5eb21be5c483c2b43f424761a966bb808094",
                "sha256:545dedd3aaaa355148093c5609f0229aeb121b4852995c2accfa64fe3e0e55cd"
            ],
            "version": "==5.2.0"
        },
        "jupyter-core": {
            "hashes": [
                "sha256:927d713ffa616ea11972534411544589976b2493fc7e09ad946e010aa7eb9970",
                "sha256:ba70754aa680300306c699790128f6fbd8c306ee5927976cbe48adacf240c0b7"
            ],
            "version": "==4.4.0"
        },
        "markupsafe": {
            "hashes": [
                "sha256:a6be69091dac236ea9c6bc7d012beab42010fa914c459791d627dad4910eb665"
            ],
            "version": "==1.0"
        },
        "mccabe": {
            "hashes": [
                "sha256:ab8a6258860da4b6677da4bd2fe5dc2c659cff31b3ee4f7f5d64e79735b80d42",
                "sha256:dd8d182285a0fe56bace7f45b5e7d1a6ebcbf524e8f3bd87eb0f125271b8831f"
            ],
            "version": "==0.6.1"
        },
        "mistune": {
            "hashes": [
                "sha256:b4c512ce2fc99e5a62eb95a4aba4b73e5f90264115c40b70a21e1f7d4e0eac91",
                "sha256:bc10c33bfdcaa4e749b779f62f60d6e12f8215c46a292d05e486b869ae306619"
            ],
            "version": "==0.8.3"
        },
        "more-itertools": {
            "hashes": [
                "sha256:fcbfeaea0be121980e15bc97b3817b5202ca73d0eae185b4550cbfce2a3ebb3d",
                "sha256:c187a73da93e7a8acc0001572aebc7e3c69daf7bf6881a2cea10650bd4420092",
                "sha256:c476b5d3a34e12d40130bc2f935028b5f636df8f372dc2c1c01dc19681b2039e"
            ],
            "version": "==4.3.0"
        },
        "nbconvert": {
            "hashes": [
                "sha256:260d390b989a647575b8ecae2cd06a9eaead10d396733d6e50185d5ebd08996e",
                "sha256:12b1a4671d4463ab73af6e4cbcc965b62254e05d182cd54995dda0d0ef9e2db9"
            ],
            "version": "==5.3.1"
        },
        "nbformat": {
            "hashes": [
                "sha256:b9a0dbdbd45bb034f4f8893cafd6f652ea08c8c1674ba83f2dc55d3955743b0b",
                "sha256:f7494ef0df60766b7cabe0a3651556345a963b74dbc16bc7c18479041170d402"
            ],
            "version": "==4.4.0"
        },
        "notebook": {
            "hashes": [
                "sha256:66dd59e76e755584ae9450eb015c39f55d4bb1d8ec68f2c694d2b3cba7bf5c7e",
                "sha256:e2c8e931cc19db4f8c63e6a396efbc13a228b2cb5b2919df011b946f28239a08"
            ],
            "version": "==5.6.0"
        },
        "packaging": {
            "hashes": [
                "sha256:e9215d2d2535d3ae866c3d6efc77d5b24a0192cce0ff20e42896cc0664f889c0",
                "sha256:f019b770dd64e585a99714f1fd5e01c7a8f11b45635aa953fd41c689a657375b"
            ],
            "version": "==17.1"
        },
        "pandocfilters": {
            "hashes": [
                "sha256:b3dd70e169bb5449e6bc6ff96aea89c5eea8c5f6ab5e207fc2f521a2cf4a0da9"
            ],
            "version": "==1.4.2"
        },
        "parso": {
            "hashes": [
                "sha256:895c63e93b94ac1e1690f5fdd40b65f07c8171e3e53cbd7793b5b96c0e0a7f24",
                "sha256:35704a43a3c113cce4de228ddb39aab374b8004f4f2407d070b6a2ca784ce8a2"
            ],
            "version": "==0.3.1"
        },
        "pexpect": {
            "hashes": [
                "sha256:3fbd41d4caf27fa4a377bfd16fef87271099463e6fa73e92a52f92dfee5d425b",
                "sha256:2a8e88259839571d1251d278476f3eec5db26deb73a70be5ed5dc5435e418aba"
            ],
            "markers": "sys_platform != 'win32'",
            "version": "==4.6.0"
        },
        "pickleshare": {
            "hashes": [
                "sha256:c9a2541f25aeabc070f12f452e1f2a8eae2abd51e1cd19e8430402bdf4c1d8b5",
                "sha256:84a9257227dfdd6fe1b4be1319096c20eb85ff1e82c7932f36efccfe1b09737b"
            ],
            "version": "==0.7.4"
        },
        "pluggy": {
            "hashes": [
                "sha256:6e3836e39f4d36ae72840833db137f7b7d35105079aee6ec4a62d9f80d594dd1",
                "sha256:95eb8364a4708392bae89035f45341871286a333f749c3141c20573d2b3876e1"
            ],
            "version": "==0.7.1"
        },
        "prometheus-client": {
            "hashes": [
                "sha256:17bc24c09431644f7c65d7bce9f4237252308070b6395d6d8e87767afe867e24"
            ],
            "version": "==0.3.1"
        },
        "prompt-toolkit": {
            "hashes": [
                "sha256:3f473ae040ddaa52b52f97f6b4a493cfa9f5920c255a12dc56a7d34397a398a4",
                "sha256:1df952620eccb399c53ebb359cc7d9a8d3a9538cb34c5a1344bdbeb29fbcc381",
                "sha256:858588f1983ca497f1cf4ffde01d978a3ea02b01c8a26a8bbc5cd2e66d816917"
            ],
            "version": "==1.0.15"
        },
        "ptyprocess": {
            "hashes": [
                "sha256:d7cc528d76e76342423ca640335bd3633420dc1366f258cb31d05e865ef5ca1f",
                "sha256:923f299cc5ad920c68f2bc0bc98b75b9f838b93b599941a6b63ddbc2476394c0"
            ],
            "version": "==0.6.0"
        },
        "py": {
            "hashes": [
                "sha256:e31fb2767eb657cbde86c454f02e99cb846d3cd9d61b318525140214fdc0e98e",
                "sha256:3fd59af7435864e1a243790d322d763925431213b6b8529c6ca71081ace3bbf7"
            ],
            "version": "==1.5.4"
        },
        "pycodestyle": {
            "hashes": [
                "sha256:6c4245ade1edfad79c3446fadfc96b0de2759662dc29d07d80a6f27ad1ca6ba9",
                "sha256:682256a5b318149ca0d2a9185d365d8864a768a28db66a84a2ea946bcc426766"
            ],
            "version": "==2.3.1"
        },
        "pyflakes": {
            "hashes": [
                "sha256:08bd6a50edf8cffa9fa09a463063c425ecaaf10d1eb0335a7e8b1401aef89e6f",
                "sha256:8d616a382f243dbf19b54743f280b80198be0bca3a5396f1d2e1fca6223e8805"
            ],
            "version": "==1.6.0"
        },
        "pygments": {
            "hashes": [
                "sha256:78f3f434bcc5d6ee09020f92ba487f95ba50f1e3ef83ae96b9d5ffa1bab25c5d",
                "sha256:dbae1046def0efb574852fab9e90209b23f556367b5a320c0bcb871c77c3e8cc"
            ],
            "version": "==2.2.0"
        },
        "pyparsing": {
            "hashes": [
                "sha256:fee43f17a9c4087e7ed1605bd6df994c6173c1e977d7ade7b651292fab2bd010",
                "sha256:0832bcf47acd283788593e7a0f542407bd9550a55a8a8435214a1960e04bcb04",
                "sha256:9e8143a3e15c13713506886badd96ca4b579a87fbdf49e550dbfc057d6cb218e",
                "sha256:281683241b25fe9b80ec9d66017485f6deff1af5cde372469134b56ca8447a07",
                "sha256:b8b3117ed9bdf45e14dcc89345ce638ec7e0e29b2b579fa1ecf32ce45ebac8a5",
                "sha256:8f1e18d3fd36c6795bb7e02a39fd05c611ffc2596c1e0d995d34d67630426c18",
                "sha256:e4d45427c6e20a59bf4f88c639dcc03ce30d193112047f94012102f235853a58"
            ],
            "version": "==2.2.0"
        },
        "pytest": {
            "hashes": [
                "sha256:e74466e97ac14582a8188ff4c53e6cc3810315f342f6096899332ae864c1d432",
                "sha256:86a8dbf407e437351cef4dba46736e9c5a6e3c3ac71b2e942209748e76ff2086"
            ],
            "version": "==3.7.1"
        },
        "python-dateutil": {
            "hashes": [
                "sha256:1adb80e7a782c12e52ef9a8182bebeb73f1d7e24e374397af06fb4956c8dc5c0",
                "sha256:e27001de32f627c22380a688bcc43ce83504a7bc5da472209b4c70f02829f0b8"
            ],
            "version": "==2.7.3"
        },
        "pytz": {
            "hashes": [
                "sha256:a061aa0a9e06881eb8b3b2b43f05b9439d6583c206d0a6c340ff72a7b6669053",
                "sha256:ffb9ef1de172603304d9d2819af6f5ece76f2e85ec10692a524dd876e72bf277"
            ],
            "version": "==2018.5"
        },
        "pyzmq": {
            "hashes": [
                "sha256:1c0d469837c54df4b3b8424c79f102a2a4ccc7e1e7f8816fcdcf39c1e6406b19",
                "sha256:488ab43a9c4a710264987e7efe5d53384858281bd6540db0a47e7bb6c3bf7ec5",
                "sha256:d74052450985befe7d983abb1daab6112b5cb78f1258731afe04c55dbb504739",
                "sha256:bd1c9cbb6d1032a61a8ab0e77b1c83caa7b04e77a6736ff23d213de6bde92622",
                "sha256:a3d1c56387332063a5492c186fb504a7b6dfbdf6f0ce0a7388fed722998e3b0f",
                "sha256:941c9676bc2f3dbab528a4cd42a9dd80310156ed6014276f16288f25c9ff4da2",
                "sha256:bcd81ab868e916fc22172667e528211b21e2dcab9af2e9fb3ee631d3eb946893",
                "sha256:965d50febc5402e7fb93c432155463b4184a79bec040cdeb3b006b278b3a544f",
                "sha256:096b72e48dc4fb6afac4dc862626b103287176be7c0f49b52782689eac4bf376",
                "sha256:fafcb5be16c0012ada037b8eaf63d5b25d421680072eeb6df4a2d90599d962e6",
                "sha256:b097f32a1ee00e0b2aa9776e0112a73655484d2e7c0634757c84c036c8be0706",
                "sha256:e724a5117044490cf0f55b5025bba4b909de0be4f47f6a48ad7c24d6a8e7e48c",
                "sha256:22402d2a55dcc5973b1356be12dbc4417350fcc85a6da3af2984271e769a28f4",
                "sha256:911f457a0b5c0e0c857a71bd2abbb96d15c695a11cf61caa43059143ed01bb6e",
                "sha256:cfe8d245bd62b3f87e120029f5a83f47055d3bb2d2b7f91566dd43487dedd6e3",
                "sha256:9dc60c4a8299aa77082493231045d15b58c7875cb9f3dbee6e11a86356bd9e24",
                "sha256:a9660113ff4c52160f734704af8d351326cc6eabf1dbd135cf02c0ded02e1d9d",
                "sha256:98fe34bbbe5a516e75ac16f1ea585d9c1dda2067b6c9f4da174add6c952883b6",
                "sha256:fdced6cf08aaa5b0dacfa4562e518ffb562bb09a90483f920cf6c4ecabd3f379",
                "sha256:df65629511d6037045b2b4d87b17b0a984d7ae6af44e0d87c350c93e6685d746",
                "sha256:8e576262221c7fbee894cf105eb975f1385fc91988ce6120cdb2305195e7a9f6",
                "sha256:4166c2e45b5d43bc1da49a7f8518c2ced11227fb69b35405940442b92b0b0c34",
                "sha256:8d757eaf5eb3b27ab449343e55b8e8f442a3de67ccdfca893cefe8964d44a147",
                "sha256:90b38559b33f544ebaa35fcb8d4091cb35c689a3cfe92e584e36c746f648c12b",
                "sha256:2199f753a230e26aec5238b0518b036780708a4c887d4944519681a920b9dee4"
            ],
            "version": "==17.1.0"
        },
        "qtconsole": {
            "hashes": [
                "sha256:b3d10314cbaad76c3157cf922eb410812cde472e8e7c6bd3d5a92d30145bcde1",
                "sha256:eff8c2faeda567a0bef5781f419a64e9977988db101652b312b9d74ec0a5109c"
            ],
            "version": "==4.3.1"
        },
        "requests": {
            "hashes": [
                "sha256:63b52e3c866428a224f97cab011de738c36aec0185aa91cfacd418b5d58911d1",
                "sha256:ec22d826a36ed72a7358ff3fe56cbd4ba69dd7a6718ffd450ff0e9df7a47ce6a"
            ],
            "version": "==2.19.1"
        },
        "send2trash": {
            "hashes": [
                "sha256:f1691922577b6fa12821234aeb57599d887c4900b9ca537948d2dac34aea888b",
                "sha256:60001cc07d707fe247c94f74ca6ac0d3255aabcb930529690897ca2a39db28b2"
            ],
            "version": "==1.5.0"
        },
        "simplegeneric": {
            "hashes": [
                "sha256:dc972e06094b9af5b855b3df4a646395e43d1c9d0d39ed345b7393560d0b9173"
            ],
            "version": "==0.8.1"
        },
        "six": {
            "hashes": [
                "sha256:832dc0e10feb1aa2c68dcc57dbb658f1c7e65b9b61af69048abc87a2db00a0eb",
                "sha256:70e8a77beed4562e7f14fe23a786b54f6296e34344c23bc42f07b15018ff98e9"
            ],
            "version": "==1.11.0"
        },
        "snowballstemmer": {
            "hashes": [
                "sha256:9f3bcd3c401c3e862ec0ebe6d2c069ebc012ce142cce209c098ccb5b09136e89",
                "sha256:919f26a68b2c17a7634da993d91339e288964f93c274f1343e3bbbe2096e1128"
            ],
            "version": "==1.2.1"
        },
        "sphinx": {
            "hashes": [
                "sha256:a765c6db1e5b62aae857697cd4402a5c1a315a7b0854bbcd0fc8cdc524da5896",
                "sha256:217ad9ece2156ed9f8af12b5d2c82a499ddf2c70a33c5f81864a08d8c67b9efc"
            ],
            "version": "==1.7.6"
        },
        "sphinxcontrib-websupport": {
            "hashes": [
                "sha256:68ca7ff70785cbe1e7bccc71a48b5b6d965d79ca50629606c7861a21b206d9dd",
                "sha256:9de47f375baf1ea07cdb3436ff39d7a9c76042c10a769c52353ec46e4e8fc3b9"
            ],
            "version": "==1.1.0"
        },
        "terminado": {
            "hashes": [
                "sha256:65011551baff97f5414c67018e908110693143cfbaeb16831b743fe7cad8b927",
                "sha256:55abf9ade563b8f9be1f34e4233c7b7bde726059947a593322e8a553cc4c067a"
            ],
            "version": "==0.8.1"
        },
        "testpath": {
            "hashes": [
                "sha256:039fa6a6c9fd3488f8336d23aebbfead5fa602c4a47d49d83845f55a595ec1b4",
                "sha256:0d5337839c788da5900df70f8e01015aec141aa3fe7936cb0d0a2953f7ac7609"
            ],
            "version": "==0.3.1"
        },
        "toml": {
            "hashes": [
                "sha256:8e86bd6ce8cc11b9620cb637466453d94f5d57ad86f17e98a98d1f73e3baab2d"
            ],
            "version": "==0.9.4"
        },
        "topos-theme": {
            "hashes": [
                "sha256:c5456757aa4641e17bf4b26d7179cc2bfdb9faf225fae6a63789c44985a6abf3"
            ],
            "version": "==0.0.4"
        },
        "tornado": {
            "hashes": [
                "sha256:d8984742ce86c0855cccecd5c6f54a9f7532c983947cff06f3a0e2115b47f85c",
                "sha256:6a7e8657618268bb007646b9eae7661d0b57f13efc94faa33cd2588eae5912c9",
                "sha256:5327ba1a6c694e0149e7d9126426b3704b1d9d520852a3e4aa9fc8fe989e4046",
                "sha256:a9b14804783a1d77c0bd6c66f7a9b1196cbddfbdf8bceb64683c5ae60bd1ec6f",
                "sha256:c58757e37c4a3172949c99099d4d5106e4d7b63aa0617f9bb24bfbff712c7866",
                "sha256:1c0816fc32b7d31b98781bd8ebc7a9726d7dce67407dc353a2e66e697e138448",
                "sha256:4f66a2172cb947387193ca4c2c3e19131f1c70fa8be470ddbbd9317fd0801582"
            ],
            "version": "==5.1"
        },
        "traitlets": {
            "hashes": [
                "sha256:c6cb5e6f57c5a9bdaa40fa71ce7b4af30298fbab9ece9815b5d995ab6217c7d9",
                "sha256:9c4bd2d267b7153df9152698efb1050a5d84982d3384a37b2c1f7723ba3e7835"
            ],
            "version": "==4.3.2"
        },
        "urllib3": {
            "hashes": [
                "sha256:b5725a0bd4ba422ab0e66e89e030c806576753ea3ee08554382c14e685d117b5",
                "sha256:a68ac5e15e76e7e5dd2b8f94007233e01effe3e50e8daddf69acfd81cb686baf"
            ],
            "version": "==1.23"
        },
        "wcwidth": {
            "hashes": [
                "sha256:f4ebe71925af7b40a864553f761ed559b43544f8f71746c2d756c7fe788ade7c",
                "sha256:3df37372226d6e63e1b1e1eda15c594bca98a22d33a23832a90998faa96bc65e"
            ],
            "version": "==0.1.7"
        },
        "webencodings": {
            "hashes": [
                "sha256:a0af1213f3c2226497a97e2b3aa01a7e4bee4f403f95be16fc9acd2947514a78",
                "sha256:b36a1c245f2d304965eb4e0a82848379241dc04b865afcc4aab16748587e1923"
            ],
            "version": "==0.5.1"
        },
        "widgetsnbextension": {
            "hashes": [
                "sha256:8f8d79e18f36a434da32365169a50a4acbc5a454da38aeb96a66cd3191e297b5",
                "sha256:8ee8a4a1ab8492412a1411652127775c6d2841e9a8030c4b8c6c7ce7792918c6"
            ],
            "version": "==3.3.1"
        }
    }
}
